<?xml version="1.0" encoding="utf-8"?>
<Project ToolsVersion="4.0" xmlns="http://schemas.microsoft.com/developer/msbuild/2003">
  <ItemGroup>
    <ClCompile Include="cppConsole.cpp" />
    <ClCompile Include="Functional.cpp" />
    <ClCompile Include="Leetcode.cpp" />
    <ClCompile Include="stdafx.cpp" />
    <ClCompile Include="utf_str.cpp" />
    <ClCompile Include="smart_ptr.cpp" />
    <ClCompile Include="cpp14.cpp">
      <Filter>morden C</Filter>
    </ClCompile>
    <ClCompile Include="test_vector.cpp">
      <Filter>morden C</Filter>
    </ClCompile>
    <ClCompile Include="test_set.cpp">
      <Filter>morden C</Filter>
    </ClCompile>
    <ClCompile Include="test_deque.cpp">
      <Filter>morden C</Filter>
    </ClCompile>
    <ClCompile Include="test_array.cpp">
      <Filter>morden C</Filter>
    </ClCompile>
    <ClCompile Include="test_forwardlist.cpp">
      <Filter>morden C</Filter>
    </ClCompile>
    <ClCompile Include="test_list.cpp">
      <Filter>morden C</Filter>
    </ClCompile>
    <ClCompile Include="test_userdefined_conversion.cpp">
      <Filter>morden C</Filter>
    </ClCompile>
    <ClCompile Include="test_unordered_map.cpp">
      <Filter>morden C</Filter>
    </ClCompile>
    <ClCompile Include="test_unordered_set.cpp">
      <Filter>morden C</Filter>
    </ClCompile>
    <ClCompile Include="test_map.cpp">
      <Filter>morden C</Filter>
    </ClCompile>
    <ClCompile Include="test_stack.cpp">
      <Filter>morden C</Filter>
    </ClCompile>
    <ClCompile Include="test_asynchronized.cpp">
      <Filter>boost</Filter>
    </ClCompile>
    <ClCompile Include="test_thread.cpp">
      <Filter>morden C\concurrency</Filter>
    </ClCompile>
    <ClCompile Include="test_mutex.cpp">
      <Filter>morden C\concurrency</Filter>
    </ClCompile>
    <ClCompile Include="test_atomic.cpp">
      <Filter>morden C\concurrency</Filter>
    </ClCompile>
    <ClCompile Include="test_shared_ptr.cpp">
      <Filter>morden C</Filter>
    </ClCompile>
    <ClCompile Include="test_condition_variable.cpp">
      <Filter>morden C\concurrency</Filter>
    </ClCompile>
    <ClCompile Include="test_constexpr.cpp">
      <Filter>morden C</Filter>
    </ClCompile>
    <ClCompile Include="Precessor_define.cpp" />
  </ItemGroup>
  <ItemGroup>
    <ClInclude Include="stdafx.h" />
    <ClInclude Include="targetver.h" />
  </ItemGroup>
  <ItemGroup>
    <Text Include="ReadMe.txt" />
  </ItemGroup>
  <ItemGroup>
    <Filter Include="morden C">
      <UniqueIdentifier>{dadd0bae-126d-4e4a-a49e-dae61284af39}</UniqueIdentifier>
    </Filter>
    <Filter Include="boost">
      <UniqueIdentifier>{fefe397e-d3d6-4ef8-baae-af9886e95f3b}</UniqueIdentifier>
    </Filter>
    <Filter Include="morden C\concurrency">
      <UniqueIdentifier>{00e5c655-46ee-461e-a9d0-2c2f14fe2df7}</UniqueIdentifier>
    </Filter>
  </ItemGroup>
</Project>