<?xml version="1.0" encoding="utf-8"?>
<Project ToolsVersion="4.0" xmlns="http://schemas.microsoft.com/developer/msbuild/2003">
  <ItemGroup>
    <ClCompile Include="leetcode.cpp" />
    <ClCompile Include="main.cpp" />
    <ClCompile Include="4_MedianofTwoSortedArrays.cpp">
      <Filter>leetcode</Filter>
    </ClCompile>
    <ClCompile Include="10_RegularExpressionMatching.cpp">
      <Filter>leetcode</Filter>
    </ClCompile>
    <ClCompile Include="11_ContainerWithMostWater.cpp">
      <Filter>leetcode</Filter>
    </ClCompile>
    <ClCompile Include="23_MergeSortedList.cpp">
      <Filter>leetcode</Filter>
    </ClCompile>
    <ClCompile Include="26_RemoveDuplicateFromSortedArray.cpp">
      <Filter>leetcode</Filter>
    </ClCompile>
    <ClCompile Include="leetcode\30_SubstringWithConcatenationOfAllWords.cpp">
      <Filter>leetcode</Filter>
    </ClCompile>
    <ClCompile Include="32_LongestValidParentheses.cpp">
      <Filter>leetcode</Filter>
    </ClCompile>
    <ClCompile Include="37_SudokuSolver.cpp">
      <Filter>leetcode</Filter>
    </ClCompile>
    <ClCompile Include="41_FirstMissingPositive.cpp">
      <Filter>leetcode</Filter>
    </ClCompile>
    <ClCompile Include="42_TrappingRainWater.cpp">
      <Filter>leetcode</Filter>
    </ClCompile>
    <ClCompile Include="44_WildcardMatching.cpp">
      <Filter>leetcode</Filter>
    </ClCompile>
    <ClCompile Include="45_JumpGameII.cpp">
      <Filter>leetcode</Filter>
    </ClCompile>
    <ClCompile Include="57_InsertInterval.cpp">
      <Filter>leetcode</Filter>
    </ClCompile>
    <ClCompile Include="65_ValidNumber.cpp">
      <Filter>leetcode</Filter>
    </ClCompile>
    <ClCompile Include="68_TextJustification.cpp">
      <Filter>leetcode</Filter>
    </ClCompile>
    <ClCompile Include="leetcode\76_MinimumWindowSubstring.cpp">
      <Filter>leetcode</Filter>
    </ClCompile>
    <ClCompile Include="123_BestTimetoBuyandSellStockIII.cpp">
      <Filter>leetcode</Filter>
    </ClCompile>
    <ClCompile Include="128_LongestConsecutiveSequence.cpp">
      <Filter>leetcode</Filter>
    </ClCompile>
    <ClCompile Include="188_BestTimeBuySellStockIV.cpp">
      <Filter>leetcode</Filter>
    </ClCompile>
    <ClCompile Include="218_TheSkylinesProblem.cpp">
      <Filter>leetcode</Filter>
    </ClCompile>
    <ClCompile Include="295_FindMedianfromDataStream.cpp">
      <Filter>leetcode</Filter>
    </ClCompile>
    <ClCompile Include="305_NumberOfIslandII.cpp">
      <Filter>leetcode</Filter>
    </ClCompile>
    <ClCompile Include="321_CreateMaximumNumber.cpp">
      <Filter>leetcode</Filter>
    </ClCompile>
    <ClCompile Include="327_CountOfRangeSum.cpp">
      <Filter>leetcode</Filter>
    </ClCompile>
    <ClCompile Include="329_LongestIncreasingPathInMatrix.cpp">
      <Filter>leetcode</Filter>
    </ClCompile>
    <ClCompile Include="330_PatchingArray.cpp">
      <Filter>leetcode</Filter>
    </ClCompile>
    <ClCompile Include="336_PalindromeParis.cpp">
      <Filter>leetcode</Filter>
    </ClCompile>
    <ClCompile Include="354_RussianDollEnvelopes.cpp">
      <Filter>leetcode</Filter>
    </ClCompile>
    <ClCompile Include="420_StrongPasswordChecker.cpp">
      <Filter>leetcode</Filter>
    </ClCompile>
    <ClCompile Include="432_AllOneDataStructure.cpp">
      <Filter>leetcode</Filter>
    </ClCompile>
    <ClCompile Include="466_CountRepetitions.cpp">
      <Filter>leetcode</Filter>
    </ClCompile>
    <ClCompile Include="472_ConcatenatedWordscpp.cpp">
      <Filter>leetcode</Filter>
    </ClCompile>
    <ClCompile Include="480_SlidingWindowMedian.cpp">
      <Filter>leetcode</Filter>
    </ClCompile>
    <ClCompile Include="502_IPO.cpp">
      <Filter>leetcode</Filter>
    </ClCompile>
    <ClCompile Include="507_Perfect_Number.cpp">
      <Filter>leetcode</Filter>
    </ClCompile>
    <ClCompile Include="514_FreedomTrail.cpp">
      <Filter>leetcode</Filter>
    </ClCompile>
    <ClCompile Include="530_MinimumAbsoluteDifferenceBST.cpp">
      <Filter>leetcode</Filter>
    </ClCompile>
    <ClCompile Include="546_removeBoxes.cpp">
      <Filter>leetcode</Filter>
    </ClCompile>
    <ClCompile Include="552_StudentAttendanceRecordII.cpp">
      <Filter>leetcode</Filter>
    </ClCompile>
    <ClCompile Include="564_FindTheClosestPalindrome.cpp">
      <Filter>leetcode</Filter>
    </ClCompile>
    <ClCompile Include="587_ErectTheFence.cpp">
      <Filter>leetcode</Filter>
    </ClCompile>
    <ClCompile Include="591_TagValidator.cpp">
      <Filter>leetcode</Filter>
    </ClCompile>
    <ClCompile Include="600_NonNegativeIntegerswithoutConsecutiveOnes.cpp">
      <Filter>leetcode</Filter>
    </ClCompile>
    <ClCompile Include="629_KthInversePairsArray.cpp">
      <Filter>leetcode</Filter>
    </ClCompile>
    <ClCompile Include="632_SmallestRange.cpp">
      <Filter>leetcode</Filter>
    </ClCompile>
    <ClCompile Include="639_DecodeWaysII.cpp">
      <Filter>leetcode</Filter>
    </ClCompile>
    <ClCompile Include="664_StrangePrinter.cpp">
      <Filter>leetcode</Filter>
    </ClCompile>
    <ClCompile Include="668_KthSmallestNumberInMultiplicationTable.cpp">
      <Filter>leetcode</Filter>
    </ClCompile>
    <ClCompile Include="679_24Game.cpp">
      <Filter>leetcode</Filter>
    </ClCompile>
    <ClCompile Include="689_MaximumSumNonOverlappingSubarrays.cpp">
      <Filter>leetcode</Filter>
    </ClCompile>
    <ClCompile Include="699_fallingSquare.cpp">
      <Filter>leetcode</Filter>
    </ClCompile>
    <ClCompile Include="719_FindKthSmallestPairDistance.cpp">
      <Filter>leetcode</Filter>
    </ClCompile>
    <ClCompile Include="726_NumberofAtoms.cpp">
      <Filter>leetcode</Filter>
    </ClCompile>
    <ClCompile Include="732_MyCalendarIII.cpp">
      <Filter>leetcode</Filter>
    </ClCompile>
    <ClCompile Include="736_ParseLispExpression.cpp">
      <Filter>leetcode</Filter>
    </ClCompile>
    <ClCompile Include="741_CherryPickup.cpp">
      <Filter>leetcode</Filter>
    </ClCompile>
    <ClCompile Include="745_PrefixSuffixSearch.cpp">
      <Filter>leetcode</Filter>
    </ClCompile>
    <ClCompile Include="749_ContainVirus.cpp">
      <Filter>leetcode</Filter>
    </ClCompile>
    <ClCompile Include="753_CrackingTheSafe.cpp">
      <Filter>leetcode</Filter>
    </ClCompile>
    <ClCompile Include="757_SetIntersectionSizeAtLeastTwo.cpp">
      <Filter>leetcode</Filter>
    </ClCompile>
    <ClCompile Include="761_SpecialBinaryString.cpp">
      <Filter>leetcode</Filter>
    </ClCompile>
    <ClCompile Include="765_CouplesHoldingHands.cpp">
      <Filter>leetcode</Filter>
    </ClCompile>
    <ClCompile Include="768_MaxChunksToMakeSortedII.cpp">
      <Filter>leetcode</Filter>
    </ClCompile>
    <ClCompile Include="773_SlidingPuzzle.cpp">
      <Filter>leetcode</Filter>
    </ClCompile>
    <ClCompile Include="778_SwimInRisingWater.cpp">
      <Filter>leetcode</Filter>
    </ClCompile>
    <ClCompile Include="782_TransformtoChessboard.cpp">
      <Filter>leetcode</Filter>
    </ClCompile>
    <ClCompile Include="803_BricksFallingWhenHit.cpp">
      <Filter>leetcode</Filter>
    </ClCompile>
    <ClCompile Include="805_SplitArrayWithSameAverage.cpp">
      <Filter>leetcode</Filter>
    </ClCompile>
    <ClCompile Include="839_SimilarStringGroups.cpp">
      <Filter>leetcode</Filter>
    </ClCompile>
    <ClCompile Include="843_GuesstheWord.cpp">
      <Filter>leetcode</Filter>
    </ClCompile>
    <ClCompile Include="847_ShortestPathVisitingAllNodes.cpp">
      <Filter>leetcode</Filter>
    </ClCompile>
    <ClCompile Include="854_KthSimilarString.cpp">
      <Filter>leetcode</Filter>
    </ClCompile>
    <ClCompile Include="519_RandomFlipMatrix.cpp">
      <Filter>leetcodeE</Filter>
    </ClCompile>
    <ClCompile Include="731_MyCalendarII.cpp">
      <Filter>leetcodeE</Filter>
    </ClCompile>
    <ClCompile Include="729_MyCalendarI.cpp">
      <Filter>leetcodeE</Filter>
    </ClCompile>
  </ItemGroup>
  <ItemGroup>
    <Filter Include="leetcode">
      <UniqueIdentifier>{976cc802-2bc9-44fc-89e1-8476545f0d8a}</UniqueIdentifier>
    </Filter>
    <Filter Include="leetcodeE">
      <UniqueIdentifier>{704b744f-abd2-4c8a-814d-77067ea0bf69}</UniqueIdentifier>
    </Filter>
  </ItemGroup>
</Project>