<?xml version="1.0" encoding="utf-8"?>
<Project ToolsVersion="4.0" xmlns="http://schemas.microsoft.com/developer/msbuild/2003">
  <ItemGroup>
    <ClCompile Include="leetcode.cpp" />
    <ClCompile Include="main.cpp" />
    <ClCompile Include="leetcode\552_StudentAttendanceRecordII.cpp">
      <Filter>leetcode</Filter>
    </ClCompile>
    <ClCompile Include="leetcode\564_FindTheClosestPalindrome.cpp">
      <Filter>leetcode</Filter>
    </ClCompile>
    <ClCompile Include="leetcode\587_ErectTheFence.cpp">
      <Filter>leetcode</Filter>
    </ClCompile>
    <ClCompile Include="leetcode\591_TagValidator.cpp">
      <Filter>leetcode</Filter>
    </ClCompile>
    <ClCompile Include="leetcode\600_NonNegativeIntegerswithoutConsecutiveOnes.cpp">
      <Filter>leetcode</Filter>
    </ClCompile>
    <ClCompile Include="leetcode\629_KthInversePairsArray.cpp">
      <Filter>leetcode</Filter>
    </ClCompile>
    <ClCompile Include="leetcode\632_SmallestRange.cpp">
      <Filter>leetcode</Filter>
    </ClCompile>
    <ClCompile Include="leetcode\639_DecodeWaysII.cpp">
      <Filter>leetcode</Filter>
    </ClCompile>
    <ClCompile Include="leetcode\664_StrangePrinter.cpp">
      <Filter>leetcode</Filter>
    </ClCompile>
    <ClCompile Include="leetcode\668_KthSmallestNumberInMultiplicationTable.cpp">
      <Filter>leetcode</Filter>
    </ClCompile>
    <ClCompile Include="leetcode\679_24Game.cpp">
      <Filter>leetcode</Filter>
    </ClCompile>
    <ClCompile Include="leetcode\689_MaximumSumNonOverlappingSubarrays.cpp">
      <Filter>leetcode</Filter>
    </ClCompile>
    <ClCompile Include="leetcode\699_fallingSquare.cpp">
      <Filter>leetcode</Filter>
    </ClCompile>
    <ClCompile Include="leetcode\719_FindKthSmallestPairDistance.cpp">
      <Filter>leetcode</Filter>
    </ClCompile>
    <ClCompile Include="leetcode\726_NumberofAtoms.cpp">
      <Filter>leetcode</Filter>
    </ClCompile>
    <ClCompile Include="leetcode\729_MyCalendarI.cpp">
      <Filter>leetcode</Filter>
    </ClCompile>
    <ClCompile Include="leetcode\731_MyCalendarII.cpp">
      <Filter>leetcode</Filter>
    </ClCompile>
    <ClCompile Include="leetcode\732_MyCalendarIII.cpp">
      <Filter>leetcode</Filter>
    </ClCompile>
    <ClCompile Include="leetcode\736_ParseLispExpression.cpp">
      <Filter>leetcode</Filter>
    </ClCompile>
    <ClCompile Include="leetcode\741_CherryPickup.cpp">
      <Filter>leetcode</Filter>
    </ClCompile>
    <ClCompile Include="leetcode\745_PrefixSuffixSearch.cpp">
      <Filter>leetcode</Filter>
    </ClCompile>
    <ClCompile Include="leetcode\749_ContainVirus.cpp">
      <Filter>leetcode</Filter>
    </ClCompile>
    <ClCompile Include="leetcode\753_CrackingTheSafe.cpp">
      <Filter>leetcode</Filter>
    </ClCompile>
    <ClCompile Include="leetcode\757_SetIntersectionSizeAtLeastTwo.cpp">
      <Filter>leetcode</Filter>
    </ClCompile>
    <ClCompile Include="leetcode\761_SpecialBinaryString.cpp">
      <Filter>leetcode</Filter>
    </ClCompile>
    <ClCompile Include="leetcode\765_CouplesHoldingHands.cpp">
      <Filter>leetcode</Filter>
    </ClCompile>
    <ClCompile Include="leetcode\768_MaxChunksToMakeSortedII.cpp">
      <Filter>leetcode</Filter>
    </ClCompile>
    <ClCompile Include="leetcode\773_SlidingPuzzle.cpp">
      <Filter>leetcode</Filter>
    </ClCompile>
    <ClCompile Include="leetcode\778_SwimInRisingWater.cpp">
      <Filter>leetcode</Filter>
    </ClCompile>
    <ClCompile Include="leetcode\782_TransformtoChessboard.cpp">
      <Filter>leetcode</Filter>
    </ClCompile>
    <ClCompile Include="leetcode\803_BricksFallingWhenHit.cpp">
      <Filter>leetcode</Filter>
    </ClCompile>
    <ClCompile Include="leetcode\805_SplitArrayWithSameAverage.cpp">
      <Filter>leetcode</Filter>
    </ClCompile>
    <ClCompile Include="leetcode\839_SimilarStringGroups.cpp">
      <Filter>leetcode</Filter>
    </ClCompile>
    <ClCompile Include="leetcode\843_GuesstheWord.cpp">
      <Filter>leetcode</Filter>
    </ClCompile>
    <ClCompile Include="leetcode\847_ShortestPathVisitingAllNodes.cpp">
      <Filter>leetcode</Filter>
    </ClCompile>
    <ClCompile Include="leetcode\854_KthSimilarString.cpp">
      <Filter>leetcode</Filter>
    </ClCompile>
    <ClCompile Include="leetcode\4_MedianofTwoSortedArrays.cpp">
      <Filter>leetcode</Filter>
    </ClCompile>
    <ClCompile Include="leetcode\10_RegularExpressionMatching.cpp">
      <Filter>leetcode</Filter>
    </ClCompile>
    <ClCompile Include="leetcode\11_ContainerWithMostWater.cpp">
      <Filter>leetcode</Filter>
    </ClCompile>
    <ClCompile Include="leetcode\23_MergeSortedList.cpp">
      <Filter>leetcode</Filter>
    </ClCompile>
    <ClCompile Include="leetcode\26_RemoveDuplicateFromSortedArray.cpp">
      <Filter>leetcode</Filter>
    </ClCompile>
    <ClCompile Include="leetcode\30_SubstringWithConcatenationOfAllWords.cpp">
      <Filter>leetcode</Filter>
    </ClCompile>
    <ClCompile Include="leetcode\32_LongestValidParentheses.cpp">
      <Filter>leetcode</Filter>
    </ClCompile>
    <ClCompile Include="leetcode\37_SudokuSolver.cpp">
      <Filter>leetcode</Filter>
    </ClCompile>
    <ClCompile Include="leetcode\41_FirstMissingPositive.cpp">
      <Filter>leetcode</Filter>
    </ClCompile>
    <ClCompile Include="leetcode\42_TrappingRainWater.cpp">
      <Filter>leetcode</Filter>
    </ClCompile>
    <ClCompile Include="leetcode\44_WildcardMatching.cpp">
      <Filter>leetcode</Filter>
    </ClCompile>
    <ClCompile Include="leetcode\45_JumpGameII.cpp">
      <Filter>leetcode</Filter>
    </ClCompile>
    <ClCompile Include="leetcode\57_InsertInterval.cpp">
      <Filter>leetcode</Filter>
    </ClCompile>
    <ClCompile Include="leetcode\65_ValidNumber.cpp">
      <Filter>leetcode</Filter>
    </ClCompile>
    <ClCompile Include="leetcode\68_TextJustification.cpp">
      <Filter>leetcode</Filter>
    </ClCompile>
    <ClCompile Include="leetcode\76_MinimumWindowSubstring.cpp">
      <Filter>leetcode</Filter>
    </ClCompile>
    <ClCompile Include="leetcode\123_BestTimetoBuyandSellStockIII.cpp">
      <Filter>leetcode</Filter>
    </ClCompile>
    <ClCompile Include="leetcode\128_LongestConsecutiveSequence.cpp">
      <Filter>leetcode</Filter>
    </ClCompile>
    <ClCompile Include="leetcode\188_BestTimeBuySellStockIV.cpp">
      <Filter>leetcode</Filter>
    </ClCompile>
    <ClCompile Include="leetcode\218_SkylineProblem.cpp">
      <Filter>leetcode</Filter>
    </ClCompile>
    <ClCompile Include="leetcode\218_TheSkylinesProblem.cpp">
      <Filter>leetcode</Filter>
    </ClCompile>
    <ClCompile Include="leetcode\295_FindMedianfromDataStream.cpp">
      <Filter>leetcode</Filter>
    </ClCompile>
    <ClCompile Include="leetcode\305_NumberOfIslandII.cpp">
      <Filter>leetcode</Filter>
    </ClCompile>
    <ClCompile Include="leetcode\321_CreateMaximumNumber.cpp">
      <Filter>leetcode</Filter>
    </ClCompile>
    <ClCompile Include="leetcode\327_CountOfRangeSum.cpp">
      <Filter>leetcode</Filter>
    </ClCompile>
    <ClCompile Include="leetcode\329_LongestIncreasingPathInMatrix.cpp">
      <Filter>leetcode</Filter>
    </ClCompile>
    <ClCompile Include="leetcode\330_PatchingArray.cpp">
      <Filter>leetcode</Filter>
    </ClCompile>
    <ClCompile Include="leetcode\336_PalindromeParis.cpp">
      <Filter>leetcode</Filter>
    </ClCompile>
    <ClCompile Include="leetcode\354_RussianDollEnvelopes.cpp">
      <Filter>leetcode</Filter>
    </ClCompile>
    <ClCompile Include="leetcode\420_StrongPasswordChecker.cpp">
      <Filter>leetcode</Filter>
    </ClCompile>
    <ClCompile Include="leetcode\432_AllOneDataStructure.cpp">
      <Filter>leetcode</Filter>
    </ClCompile>
    <ClCompile Include="leetcode\466_CountRepetitions.cpp">
      <Filter>leetcode</Filter>
    </ClCompile>
    <ClCompile Include="leetcode\472_ConcatenatedWordscpp.cpp">
      <Filter>leetcode</Filter>
    </ClCompile>
    <ClCompile Include="leetcode\480_SlidingWindowMedian.cpp">
      <Filter>leetcode</Filter>
    </ClCompile>
    <ClCompile Include="leetcode\502_IPO.cpp">
      <Filter>leetcode</Filter>
    </ClCompile>
    <ClCompile Include="leetcode\507_Perfect_Number.cpp">
      <Filter>leetcode</Filter>
    </ClCompile>
    <ClCompile Include="leetcode\514_FreedomTrail.cpp">
      <Filter>leetcode</Filter>
    </ClCompile>
    <ClCompile Include="leetcode\519_RandomFlipMatrix.cpp">
      <Filter>leetcode</Filter>
    </ClCompile>
    <ClCompile Include="leetcode\530_MinimumAbsoluteDifferenceBST.cpp">
      <Filter>leetcode</Filter>
    </ClCompile>
    <ClCompile Include="leetcode\546_removeBoxes.cpp">
      <Filter>leetcode</Filter>
    </ClCompile>
    <ClCompile Include="215_KthLargestElementInArrat.cpp">
      <Filter>leetcode</Filter>
    </ClCompile>
    <ClCompile Include="hashmap.c">
      <Filter>datastructure</Filter>
    </ClCompile>
  </ItemGroup>
  <ItemGroup>
    <Filter Include="leetcode">
      <UniqueIdentifier>{1934bd48-abff-4b92-81c9-8074bb098ef8}</UniqueIdentifier>
    </Filter>
    <Filter Include="leetcodeeasy">
      <UniqueIdentifier>{bb892d40-23da-43ed-974a-29eb1a4c3df2}</UniqueIdentifier>
    </Filter>
    <Filter Include="datastructure">
      <UniqueIdentifier>{10f37dfb-195a-4841-a983-a23777c0643f}</UniqueIdentifier>
    </Filter>
  </ItemGroup>
</Project>